
Microsoft Visual Studio Solution File, Format Version 12.00
# Visual Studio 2013
VisualStudioVersion = 12.0.31101.0
MinimumVisualStudioVersion = 10.0.40219.1
Project("{FAE04EC0-301F-11D3-BF4B-00C04F79EFBC}") = "WebSiteRico3d2", "WebSiteRico3d2\WebSiteRico3d2.csproj", "{D81FB8C8-A82F-4BF3-BD95-C68AF7217D56}"
EndProject
Project("{FAE04EC0-301F-11D3-BF4B-00C04F79EFBC}") = "Mosaicos.LojaVirtual.Dominio", "Mosaicos.LojaVirtual.Dominio\Mosaicos.LojaVirtual.Dominio.csproj", "{33D890BF-F7CA-4DA7-89CF-D8A1F26241EE}"
EndProject
Project("{FAE04EC0-301F-11D3-BF4B-00C04F79EFBC}") = "Mosaicos.LojaVirtual.UnitTest", "Mosaicos.LojaVirtual.UnitTest\Mosaicos.LojaVirtual.UnitTest.csproj", "{B99045E7-23C5-44C5-BF75-45099D9AA583}"
EndProject
Global
	GlobalSection(SolutionConfigurationPlatforms) = preSolution
		Debug|Any CPU = Debug|Any CPU
		Release|Any CPU = Release|Any CPU
	EndGlobalSection
	GlobalSection(ProjectConfigurationPlatforms) = postSolution
		{D81FB8C8-A82F-4BF3-BD95-C68AF7217D56}.Debug|Any CPU.ActiveCfg = Debug|Any CPU
		{D81FB8C8-A82F-4BF3-BD95-C68AF7217D56}.Debug|Any CPU.Build.0 = Debug|Any CPU
		{D81FB8C8-A82F-4BF3-BD95-C68AF7217D56}.Release|Any CPU.ActiveCfg = Release|Any CPU
		{D81FB8C8-A82F-4BF3-BD95-C68AF7217D56}.Release|Any CPU.Build.0 = Release|Any CPU
		{33D890BF-F7CA-4DA7-89CF-D8A1F26241EE}.Debug|Any CPU.ActiveCfg = Debug|Any CPU
		{33D890BF-F7CA-4DA7-89CF-D8A1F26241EE}.Debug|Any CPU.Build.0 = Debug|Any CPU
		{33D890BF-F7CA-4DA7-89CF-D8A1F26241EE}.Release|Any CPU.ActiveCfg = Release|Any CPU
		{33D890BF-F7CA-4DA7-89CF-D8A1F26241EE}.Release|Any CPU.Build.0 = Release|Any CPU
		{B99045E7-23C5-44C5-BF75-45099D9AA583}.Debug|Any CPU.ActiveCfg = Debug|Any CPU
		{B99045E7-23C5-44C5-BF75-45099D9AA583}.Debug|Any CPU.Build.0 = Debug|Any CPU
		{B99045E7-23C5-44C5-BF75-45099D9AA583}.Release|Any CPU.ActiveCfg = Release|Any CPU
		{B99045E7-23C5-44C5-BF75-45099D9AA583}.Release|Any CPU.Build.0 = Release|Any CPU
	EndGlobalSection
	GlobalSection(SolutionProperties) = preSolution
		HideSolutionNode = FALSE
	EndGlobalSection
EndGlobal
